
Microsoft Visual Studio Solution File, Format Version 12.00
# Visual Studio Version 16
VisualStudioVersion = 16.0.30114.105
MinimumVisualStudioVersion = 10.0.40219.1
Project("{FAE04EC0-301F-11D3-BF4B-00C04F79EFBC}") = "Elmahdi.Phone", "src\Elmahdi.Phone\Elmahdi.Phone.csproj", "{C835EA68-88E6-498B-8404-7DC919B692E0}"
EndProject
Project("{FAE04EC0-301F-11D3-BF4B-00C04F79EFBC}") = "Elmahdi.Phone.Tests", "tests\Elmahdi.Phone.Tests\Elmahdi.Phone.Tests.csproj", "{82B7365E-2244-4942-86A0-CF0AB8F6FC8A}"
EndProject
Global
	GlobalSection(SolutionConfigurationPlatforms) = preSolution
		Debug|Any CPU = Debug|Any CPU
		Debug|x64 = Debug|x64
		Debug|x86 = Debug|x86
		Release|Any CPU = Release|Any CPU
		Release|x64 = Release|x64
		Release|x86 = Release|x86
	EndGlobalSection
	GlobalSection(SolutionProperties) = preSolution
		HideSolutionNode = FALSE
	EndGlobalSection
	GlobalSection(ProjectConfigurationPlatforms) = postSolution
		{C835EA68-88E6-498B-8404-7DC919B692E0}.Debug|Any CPU.ActiveCfg = Debug|Any CPU
		{C835EA68-88E6-498B-8404-7DC919B692E0}.Debug|Any CPU.Build.0 = Debug|Any CPU
		{C835EA68-88E6-498B-8404-7DC919B692E0}.Debug|x64.ActiveCfg = Debug|Any CPU
		{C835EA68-88E6-498B-8404-7DC919B692E0}.Debug|x64.Build.0 = Debug|Any CPU
		{C835EA68-88E6-498B-8404-7DC919B692E0}.Debug|x86.ActiveCfg = Debug|Any CPU
		{C835EA68-88E6-498B-8404-7DC919B692E0}.Debug|x86.Build.0 = Debug|Any CPU
		{C835EA68-88E6-498B-8404-7DC919B692E0}.Release|Any CPU.ActiveCfg = Release|Any CPU
		{C835EA68-88E6-498B-8404-7DC919B692E0}.Release|Any CPU.Build.0 = Release|Any CPU
		{C835EA68-88E6-498B-8404-7DC919B692E0}.Release|x64.ActiveCfg = Release|Any CPU
		{C835EA68-88E6-498B-8404-7DC919B692E0}.Release|x64.Build.0 = Release|Any CPU
		{C835EA68-88E6-498B-8404-7DC919B692E0}.Release|x86.ActiveCfg = Release|Any CPU
		{C835EA68-88E6-498B-8404-7DC919B692E0}.Release|x86.Build.0 = Release|Any CPU
		{82B7365E-2244-4942-86A0-CF0AB8F6FC8A}.Debug|Any CPU.ActiveCfg = Debug|Any CPU
		{82B7365E-2244-4942-86A0-CF0AB8F6FC8A}.Debug|Any CPU.Build.0 = Debug|Any CPU
		{82B7365E-2244-4942-86A0-CF0AB8F6FC8A}.Debug|x64.ActiveCfg = Debug|Any CPU
		{82B7365E-2244-4942-86A0-CF0AB8F6FC8A}.Debug|x64.Build.0 = Debug|Any CPU
		{82B7365E-2244-4942-86A0-CF0AB8F6FC8A}.Debug|x86.ActiveCfg = Debug|Any CPU
		{82B7365E-2244-4942-86A0-CF0AB8F6FC8A}.Debug|x86.Build.0 = Debug|Any CPU
		{82B7365E-2244-4942-86A0-CF0AB8F6FC8A}.Release|Any CPU.ActiveCfg = Release|Any CPU
		{82B7365E-2244-4942-86A0-CF0AB8F6FC8A}.Release|Any CPU.Build.0 = Release|Any CPU
		{82B7365E-2244-4942-86A0-CF0AB8F6FC8A}.Release|x64.ActiveCfg = Release|Any CPU
		{82B7365E-2244-4942-86A0-CF0AB8F6FC8A}.Release|x64.Build.0 = Release|Any CPU
		{82B7365E-2244-4942-86A0-CF0AB8F6FC8A}.Release|x86.ActiveCfg = Release|Any CPU
		{82B7365E-2244-4942-86A0-CF0AB8F6FC8A}.Release|x86.Build.0 = Release|Any CPU
	EndGlobalSection
EndGlobal
